
Microsoft Visual Studio Solution File, Format Version 12.00
# Visual Studio 15
VisualStudioVersion = 15.0.27703.2026
MinimumVisualStudioVersion = 10.0.40219.1
Project("{FAE04EC0-301F-11D3-BF4B-00C04F79EFBC}") = "StockMarket", "StockMarket\StockMarket.csproj", "{4D520E3B-E40D-4F0E-A4AD-1FF6DB9F9215}"
EndProject
Project("{FAE04EC0-301F-11D3-BF4B-00C04F79EFBC}") = "StockMarketTests", "StockMarketTests\StockMarketTests.csproj", "{517E0CF1-2387-47D4-A32B-70622899BC7B}"
EndProject
Global
	GlobalSection(SolutionConfigurationPlatforms) = preSolution
		Debug|Any CPU = Debug|Any CPU
		Release|Any CPU = Release|Any CPU
	EndGlobalSection
	GlobalSection(ProjectConfigurationPlatforms) = postSolution
		{4D520E3B-E40D-4F0E-A4AD-1FF6DB9F9215}.Debug|Any CPU.ActiveCfg = Debug|Any CPU
		{4D520E3B-E40D-4F0E-A4AD-1FF6DB9F9215}.Debug|Any CPU.Build.0 = Debug|Any CPU
		{4D520E3B-E40D-4F0E-A4AD-1FF6DB9F9215}.Release|Any CPU.ActiveCfg = Release|Any CPU
		{4D520E3B-E40D-4F0E-A4AD-1FF6DB9F9215}.Release|Any CPU.Build.0 = Release|Any CPU
		{517E0CF1-2387-47D4-A32B-70622899BC7B}.Debug|Any CPU.ActiveCfg = Debug|Any CPU
		{517E0CF1-2387-47D4-A32B-70622899BC7B}.Debug|Any CPU.Build.0 = Debug|Any CPU
		{517E0CF1-2387-47D4-A32B-70622899BC7B}.Release|Any CPU.ActiveCfg = Release|Any CPU
		{517E0CF1-2387-47D4-A32B-70622899BC7B}.Release|Any CPU.Build.0 = Release|Any CPU
	EndGlobalSection
	GlobalSection(SolutionProperties) = preSolution
		HideSolutionNode = FALSE
	EndGlobalSection
	GlobalSection(ExtensibilityGlobals) = postSolution
		SolutionGuid = {188A39D8-645F-4147-9112-79742DD0FE3A}
	EndGlobalSection
EndGlobal
